
Microsoft Visual Studio Solution File, Format Version 12.00
# Visual Studio Version 17
VisualStudioVersion = 17.5.33530.505
MinimumVisualStudioVersion = 10.0.40219.1
Project("{9A19103F-16F7-4668-BE54-9A1E7A4F7556}") = "TelegramNotifier", "TelegramNotifier\TelegramNotifier.csproj", "{8801CBC0-70CA-47F2-8A67-CF035AC4675E}"
EndProject
Global
	GlobalSection(SolutionConfigurationPlatforms) = preSolution
		Debug|Any CPU = Debug|Any CPU
		Release|Any CPU = Release|Any CPU
	EndGlobalSection
	GlobalSection(ProjectConfigurationPlatforms) = postSolution
		{8801CBC0-70CA-47F2-8A67-CF035AC4675E}.Debug|Any CPU.ActiveCfg = Debug|Any CPU
		{8801CBC0-70CA-47F2-8A67-CF035AC4675E}.Debug|Any CPU.Build.0 = Debug|Any CPU
		{8801CBC0-70CA-47F2-8A67-CF035AC4675E}.Release|Any CPU.ActiveCfg = Release|Any CPU
		{8801CBC0-70CA-47F2-8A67-CF035AC4675E}.Release|Any CPU.Build.0 = Release|Any CPU
	EndGlobalSection
	GlobalSection(SolutionProperties) = preSolution
		HideSolutionNode = FALSE
	EndGlobalSection
	GlobalSection(ExtensibilityGlobals) = postSolution
		SolutionGuid = {F46B2076-2B22-4F19-9815-BBDEEFFAD8FF}
	EndGlobalSection
EndGlobal
